
Microsoft Visual Studio Solution File, Format Version 12.00
# Visual Studio Version 17
VisualStudioVersion = 17.4.33122.133
MinimumVisualStudioVersion = 10.0.40219.1
Project("{FAE04EC0-301F-11D3-BF4B-00C04F79EFBC}") = "DssDbDemoApp", "DssDbDemoApp.csproj", "{1B7F99CE-566E-4644-8153-BD9783BF2DC3}"
EndProject
Global
	GlobalSection(SolutionConfigurationPlatforms) = preSolution
		Debug|Any CPU = Debug|Any CPU
		Release|Any CPU = Release|Any CPU
	EndGlobalSection
	GlobalSection(ProjectConfigurationPlatforms) = postSolution
		{1B7F99CE-566E-4644-8153-BD9783BF2DC3}.Debug|Any CPU.ActiveCfg = Debug|Any CPU
		{1B7F99CE-566E-4644-8153-BD9783BF2DC3}.Debug|Any CPU.Build.0 = Debug|Any CPU
		{1B7F99CE-566E-4644-8153-BD9783BF2DC3}.Release|Any CPU.ActiveCfg = Release|Any CPU
		{1B7F99CE-566E-4644-8153-BD9783BF2DC3}.Release|Any CPU.Build.0 = Release|Any CPU
	EndGlobalSection
	GlobalSection(SolutionProperties) = preSolution
		HideSolutionNode = FALSE
	EndGlobalSection
	GlobalSection(ExtensibilityGlobals) = postSolution
		SolutionGuid = {44963B29-AEAE-484F-8869-B5823B4F1379}
	EndGlobalSection
EndGlobal
